
Microsoft Visual Studio Solution File, Format Version 12.00
# Visual Studio 15
VisualStudioVersion = 15.0.28307.136
MinimumVisualStudioVersion = 10.0.40219.1
Project("{FAE04EC0-301F-11D3-BF4B-00C04F79EFBC}") = "InventorySystem", "InventorySystem\InventorySystem.csproj", "{596F33E2-168C-4D29-8184-147D074B36BA}"
EndProject
Project("{2150E333-8FDC-42A3-9474-1A3956D46DE8}") = "InventorySystem.Core", "InventorySystem.Core", "{D71B7121-F6DF-4430-B7F9-09F098CB278C}"
EndProject
Project("{2150E333-8FDC-42A3-9474-1A3956D46DE8}") = "InventorySystem.Infrastructure", "InventorySystem.Infrastructure", "{6ECFAEA9-6439-49AF-A8DD-4512356563D1}"
EndProject
Project("{2150E333-8FDC-42A3-9474-1A3956D46DE8}") = "InventorySystem.Web", "InventorySystem.Web", "{2E38795D-87DE-4391-A5CB-0CE33600E1C5}"
EndProject
Project("{FAE04EC0-301F-11D3-BF4B-00C04F79EFBC}") = "InventorySystem.EF", "InventorySystem.EF\InventorySystem.EF.csproj", "{A5CE395E-920B-4A56-9ABF-EDA39141EA92}"
EndProject
Project("{FAE04EC0-301F-11D3-BF4B-00C04F79EFBC}") = "InventorySystem.Core", "InventorySystem.Core\InventorySystem.Core.csproj", "{2C19516A-023A-4C34-8674-51B3C21ED826}"
EndProject
Project("{FAE04EC0-301F-11D3-BF4B-00C04F79EFBC}") = "InventorySystem.Products", "InventorySystem.Products\InventorySystem.Products.csproj", "{42951B0A-63EC-476B-A840-7EB75F05452C}"
EndProject
Global
	GlobalSection(SolutionConfigurationPlatforms) = preSolution
		Debug|Any CPU = Debug|Any CPU
		Release|Any CPU = Release|Any CPU
	EndGlobalSection
	GlobalSection(ProjectConfigurationPlatforms) = postSolution
		{596F33E2-168C-4D29-8184-147D074B36BA}.Debug|Any CPU.ActiveCfg = Debug|Any CPU
		{596F33E2-168C-4D29-8184-147D074B36BA}.Debug|Any CPU.Build.0 = Debug|Any CPU
		{596F33E2-168C-4D29-8184-147D074B36BA}.Release|Any CPU.ActiveCfg = Release|Any CPU
		{596F33E2-168C-4D29-8184-147D074B36BA}.Release|Any CPU.Build.0 = Release|Any CPU
		{A5CE395E-920B-4A56-9ABF-EDA39141EA92}.Debug|Any CPU.ActiveCfg = Debug|Any CPU
		{A5CE395E-920B-4A56-9ABF-EDA39141EA92}.Debug|Any CPU.Build.0 = Debug|Any CPU
		{A5CE395E-920B-4A56-9ABF-EDA39141EA92}.Release|Any CPU.ActiveCfg = Release|Any CPU
		{A5CE395E-920B-4A56-9ABF-EDA39141EA92}.Release|Any CPU.Build.0 = Release|Any CPU
		{2C19516A-023A-4C34-8674-51B3C21ED826}.Debug|Any CPU.ActiveCfg = Debug|Any CPU
		{2C19516A-023A-4C34-8674-51B3C21ED826}.Debug|Any CPU.Build.0 = Debug|Any CPU
		{2C19516A-023A-4C34-8674-51B3C21ED826}.Release|Any CPU.ActiveCfg = Release|Any CPU
		{2C19516A-023A-4C34-8674-51B3C21ED826}.Release|Any CPU.Build.0 = Release|Any CPU
		{42951B0A-63EC-476B-A840-7EB75F05452C}.Debug|Any CPU.ActiveCfg = Debug|Any CPU
		{42951B0A-63EC-476B-A840-7EB75F05452C}.Debug|Any CPU.Build.0 = Debug|Any CPU
		{42951B0A-63EC-476B-A840-7EB75F05452C}.Release|Any CPU.ActiveCfg = Release|Any CPU
		{42951B0A-63EC-476B-A840-7EB75F05452C}.Release|Any CPU.Build.0 = Release|Any CPU
	EndGlobalSection
	GlobalSection(SolutionProperties) = preSolution
		HideSolutionNode = FALSE
	EndGlobalSection
	GlobalSection(NestedProjects) = preSolution
		{596F33E2-168C-4D29-8184-147D074B36BA} = {2E38795D-87DE-4391-A5CB-0CE33600E1C5}
		{A5CE395E-920B-4A56-9ABF-EDA39141EA92} = {6ECFAEA9-6439-49AF-A8DD-4512356563D1}
		{2C19516A-023A-4C34-8674-51B3C21ED826} = {D71B7121-F6DF-4430-B7F9-09F098CB278C}
		{42951B0A-63EC-476B-A840-7EB75F05452C} = {D71B7121-F6DF-4430-B7F9-09F098CB278C}
	EndGlobalSection
	GlobalSection(ExtensibilityGlobals) = postSolution
		SolutionGuid = {4079F30F-7EC1-4938-ABB1-CF73E566F2E9}
	EndGlobalSection
EndGlobal
